{
    "name": "maat-nodejs-codebase",
    "version": "1.0.0",
    "lockfileVersion": 3,
    "requires": true,
    "packages": {
        "": {
            "name": "maat-nodejs-codebase",
            "version": "1.0.0",
            "dependencies": {
                "p-defer": "^4.0.1",
                "vscode-jsonrpc": "9.0.0-next.7",
                "vscode-languageserver-protocol": "3.17.6-next.1"
            },
            "devDependencies": {
                "@tsconfig/node23": "23.0.1",
                "@types/node": "22.15.3",
                "esbuild": "0.25.3",
                "prettier": "3.5.3",
                "typescript": "5.8.3"
            }
        },
        "node_modules/@esbuild/darwin-arm64": {
            "version": "0.25.3",
            "resolved": "https://registry.npmjs.org/@esbuild/darwin-arm64/-/darwin-arm64-0.25.3.tgz",
            "integrity": "sha512-eESK5yfPNTqpAmDfFWNsOhmIOaQA59tAcF/EfYvo5/QWQCzXn5iUSOnqt3ra3UdzBv073ykTtmeLJZGt3HhA+w==",
            "cpu": [
                "arm64"
            ],
            "dev": true,
            "license": "MIT",
            "optional": true,
            "os": [
                "darwin"
            ],
            "engines": {
                "node": ">=18"
            }
        },
        "node_modules/@tsconfig/node23": {
            "version": "23.0.1",
            "resolved": "https://registry.npmjs.org/@tsconfig/node23/-/node23-23.0.1.tgz",
            "integrity": "sha512-oJ0Y42TmsBLuLAfEbPTS5JXSbJJEEU4bULROS6zsL54Gdlw5aOy27rpsquotMKGf2auP6rkbfYsjl43WdGrNcg==",
            "dev": true,
            "license": "MIT"
        },
        "node_modules/@types/node": {
            "version": "22.15.3",
            "resolved": "https://registry.npmjs.org/@types/node/-/node-22.15.3.tgz",
            "integrity": "sha512-lX7HFZeHf4QG/J7tBZqrCAXwz9J5RD56Y6MpP0eJkka8p+K0RY/yBTW7CYFJ4VGCclxqOLKmiGP5juQc6MKgcw==",
            "dev": true,
            "license": "MIT",
            "dependencies": {
                "undici-types": "~6.21.0"
            }
        },
        "node_modules/esbuild": {
            "version": "0.25.3",
            "resolved": "https://registry.npmjs.org/esbuild/-/esbuild-0.25.3.tgz",
            "integrity": "sha512-qKA6Pvai73+M2FtftpNKRxJ78GIjmFXFxd/1DVBqGo/qNhLSfv+G12n9pNoWdytJC8U00TrViOwpjT0zgqQS8Q==",
            "dev": true,
            "hasInstallScript": true,
            "license": "MIT",
            "bin": {
                "esbuild": "bin/esbuild"
            },
            "engines": {
                "node": ">=18"
            },
            "optionalDependencies": {
                "@esbuild/aix-ppc64": "0.25.3",
                "@esbuild/android-arm": "0.25.3",
                "@esbuild/android-arm64": "0.25.3",
                "@esbuild/android-x64": "0.25.3",
                "@esbuild/darwin-arm64": "0.25.3",
                "@esbuild/darwin-x64": "0.25.3",
                "@esbuild/freebsd-arm64": "0.25.3",
                "@esbuild/freebsd-x64": "0.25.3",
                "@esbuild/linux-arm": "0.25.3",
                "@esbuild/linux-arm64": "0.25.3",
                "@esbuild/linux-ia32": "0.25.3",
                "@esbuild/linux-loong64": "0.25.3",
                "@esbuild/linux-mips64el": "0.25.3",
                "@esbuild/linux-ppc64": "0.25.3",
                "@esbuild/linux-riscv64": "0.25.3",
                "@esbuild/linux-s390x": "0.25.3",
                "@esbuild/linux-x64": "0.25.3",
                "@esbuild/netbsd-arm64": "0.25.3",
                "@esbuild/netbsd-x64": "0.25.3",
                "@esbuild/openbsd-arm64": "0.25.3",
                "@esbuild/openbsd-x64": "0.25.3",
                "@esbuild/sunos-x64": "0.25.3",
                "@esbuild/win32-arm64": "0.25.3",
                "@esbuild/win32-ia32": "0.25.3",
                "@esbuild/win32-x64": "0.25.3"
            }
        },
        "node_modules/p-defer": {
            "version": "4.0.1",
            "resolved": "https://registry.npmjs.org/p-defer/-/p-defer-4.0.1.tgz",
            "integrity": "sha512-Mr5KC5efvAK5VUptYEIopP1bakB85k2IWXaRC0rsh1uwn1L6M0LVml8OIQ4Gudg4oyZakf7FmeRLkMMtZW1i5A==",
            "license": "MIT",
            "engines": {
                "node": ">=12"
            },
            "funding": {
                "url": "https://github.com/sponsors/sindresorhus"
            }
        },
        "node_modules/prettier": {
            "version": "3.5.3",
            "resolved": "https://registry.npmjs.org/prettier/-/prettier-3.5.3.tgz",
            "integrity": "sha512-QQtaxnoDJeAkDvDKWCLiwIXkTgRhwYDEQCghU9Z6q03iyek/rxRh/2lC3HB7P8sWT2xC/y5JDctPLBIGzHKbhw==",
            "dev": true,
            "license": "MIT",
            "bin": {
                "prettier": "bin/prettier.cjs"
            },
            "engines": {
                "node": ">=14"
            },
            "funding": {
                "url": "https://github.com/prettier/prettier?sponsor=1"
            }
        },
        "node_modules/typescript": {
            "version": "5.8.3",
            "resolved": "https://registry.npmjs.org/typescript/-/typescript-5.8.3.tgz",
            "integrity": "sha512-p1diW6TqL9L07nNxvRMM7hMMw4c5XOo/1ibL4aAIGmSAt9slTE1Xgw5KWuof2uTOvCg9BY7ZRi+GaF+7sfgPeQ==",
            "dev": true,
            "license": "Apache-2.0",
            "bin": {
                "tsc": "bin/tsc",
                "tsserver": "bin/tsserver"
            },
            "engines": {
                "node": ">=14.17"
            }
        },
        "node_modules/undici-types": {
            "version": "6.21.0",
            "resolved": "https://registry.npmjs.org/undici-types/-/undici-types-6.21.0.tgz",
            "integrity": "sha512-iwDZqg0QAGrg9Rav5H4n0M64c3mkR59cJ6wQp+7C4nI0gsmExaedaYLNO44eT4AtBBwjbTiGPMlt2Md0T9H9JQ==",
            "dev": true,
            "license": "MIT"
        },
        "node_modules/vscode-jsonrpc": {
            "version": "9.0.0-next.7",
            "resolved": "https://registry.npmjs.org/vscode-jsonrpc/-/vscode-jsonrpc-9.0.0-next.7.tgz",
            "integrity": "sha512-7SgnbbbJfYr3off0T2KV/RCMYhVsuLeFPw8l3bkxSiavtoTLsOdu1jyxK3yWbdQuO8QOJC7+no0TXmYjRWSC+g==",
            "license": "MIT",
            "engines": {
                "node": ">=14.0.0"
            }
        },
        "node_modules/vscode-languageserver-protocol": {
            "version": "3.17.6-next.1",
            "resolved": "https://registry.npmjs.org/vscode-languageserver-protocol/-/vscode-languageserver-protocol-3.17.6-next.1.tgz",
            "integrity": "sha512-2npXUc8oe/fb9Bjcwm2HTWYZXyCbW4NTo7jkOrEciGO+/LfWbSMgqZ6PwKWgqUkgCbkPxQHNjoMqr9ol/Ehjgg==",
            "license": "MIT",
            "dependencies": {
                "vscode-jsonrpc": "8.2.1-next.1",
                "vscode-languageserver-types": "3.17.6-next.1"
            }
        },
        "node_modules/vscode-languageserver-protocol/node_modules/vscode-jsonrpc": {
            "version": "8.2.1-next.1",
            "resolved": "https://registry.npmjs.org/vscode-jsonrpc/-/vscode-jsonrpc-8.2.1-next.1.tgz",
            "integrity": "sha512-L+DYtdUtqUXGpyMgHqer6IBKvFFhl/1ToiMmCmG85LYHuuX0jllHMz77MYt0RicakoYY+Lq1yLK6Qj3YBqgzDQ==",
            "license": "MIT",
            "engines": {
                "node": ">=14.0.0"
            }
        },
        "node_modules/vscode-languageserver-types": {
            "version": "3.17.6-next.1",
            "resolved": "https://registry.npmjs.org/vscode-languageserver-types/-/vscode-languageserver-types-3.17.6-next.1.tgz",
            "integrity": "sha512-7xVc/xLtNhKuCKX0mINT6mFUrUuRz0EinhwPGT8Gtsv2hlo+xJb5NKbiGailcWa1/T5e4dr5Pb2MfGchHreHAA==",
            "license": "MIT"
        }
    }
}
